PODS:
  - Cloudinary (1.0.15)
  - Haneke (1.0.2)

DEPENDENCIES:
  - Cloudinary (~> 1.0)
  - Haneke (~> 1.0)

SPEC CHECKSUMS:
  Cloudinary: f80af4565ec08c521d5e58cb56d9fbe1e4595e40
  Haneke: 01454a67322faa0dd9d81fc0f447885044e71521

PODFILE CHECKSUM: 033785839c7864bc1ceac8c2fe7f1acdf7fc2779

COCOAPODS: 1.3.1
