// !$*UTF8*$!
{
	archiveVersion = 1;
	classes = {
	};
	objectVersion = 46;
	objects = {

/* Begin PBXBuildFile section */
		52086EC01D87ECD00078CF3E /* testfile.pdf in Resources */ = {isa = PBXBuildFile; fileRef = 52086EBF1D87ECD00078CF3E /* testfile.pdf */; };
		6580E1223EA21037F800DB81 /* MJPDFViewerDataSource.m in Sources */ = {isa = PBXBuildFile; fileRef = 6580E580AA63ACB5083363DD /* MJPDFViewerDataSource.m */; };
		6580E41112659D7A8C9B1E7E /* MJPDFViewerViewController.m in Sources */ = {isa = PBXBuildFile; fileRef = 6580ED0CCECA318251034EAC /* MJPDFViewerViewController.m */; };
		6DC7251471157EC11F435127 /* libPods.a in Frameworks */ = {isa = PBXBuildFile; fileRef = B6EC74EA725A419E7CA3395F /* libPods.a */; };
		D206807A1DA305CB00046A04 /* UIImageView+MJCloudinaryInterface_Haneke.m in Sources */ = {isa = PBXBuildFile; fileRef = D20680791DA305CB00046A04 /* UIImageView+MJCloudinaryInterface_Haneke.m */; };
		D28B54D01CEDFB2100491AF0 /* CLCloudinary+Additions.m in Sources */ = {isa = PBXBuildFile; fileRef = D28B54CF1CEDFB2100491AF0 /* CLCloudinary+Additions.m */; };
		D28B54D31CEDFB3500491AF0 /* CLTransformation+Additions.m in Sources */ = {isa = PBXBuildFile; fileRef = D28B54D21CEDFB3500491AF0 /* CLTransformation+Additions.m */; };
		D28B54D61CEE02AE00491AF0 /* CLUploader+Additions.m in Sources */ = {isa = PBXBuildFile; fileRef = D28B54D51CEE02AE00491AF0 /* CLUploader+Additions.m */; };
		D2FA1DDA1CEDDB5C0089E940 /* main.m in Sources */ = {isa = PBXBuildFile; fileRef = D2FA1DD91CEDDB5C0089E940 /* main.m */; };
		D2FA1DDD1CEDDB5C0089E940 /* AppDelegate.m in Sources */ = {isa = PBXBuildFile; fileRef = D2FA1DDC1CEDDB5C0089E940 /* AppDelegate.m */; };
		D2FA1DE01CEDDB5C0089E940 /* ViewController.m in Sources */ = {isa = PBXBuildFile; fileRef = D2FA1DDF1CEDDB5C0089E940 /* ViewController.m */; };
		D2FA1DE31CEDDB5C0089E940 /* Main.storyboard in Resources */ = {isa = PBXBuildFile; fileRef = D2FA1DE11CEDDB5C0089E940 /* Main.storyboard */; };
		D2FA1DE51CEDDB5C0089E940 /* Assets.xcassets in Resources */ = {isa = PBXBuildFile; fileRef = D2FA1DE41CEDDB5C0089E940 /* Assets.xcassets */; };
		D2FA1DE81CEDDB5C0089E940 /* LaunchScreen.storyboard in Resources */ = {isa = PBXBuildFile; fileRef = D2FA1DE61CEDDB5C0089E940 /* LaunchScreen.storyboard */; };
		D2FA1DF31CEDDB5C0089E940 /* MJiOSCoreTests.m in Sources */ = {isa = PBXBuildFile; fileRef = D2FA1DF21CEDDB5C0089E940 /* MJiOSCoreTests.m */; };
		D2FA1DFE1CEDDB5C0089E940 /* MJiOSCoreUITests.m in Sources */ = {isa = PBXBuildFile; fileRef = D2FA1DFD1CEDDB5C0089E940 /* MJiOSCoreUITests.m */; };
		D2FA1E2A1CEDDB770089E940 /* MJCloudinaryInterface.m in Sources */ = {isa = PBXBuildFile; fileRef = D2FA1E0F1CEDDB770089E940 /* MJCloudinaryInterface.m */; };
		D2FA1E2B1CEDDB770089E940 /* MJPushNotificationQueue.m in Sources */ = {isa = PBXBuildFile; fileRef = D2FA1E111CEDDB770089E940 /* MJPushNotificationQueue.m */; };
		D2FA1E2C1CEDDB770089E940 /* UIImageView+MJCloudinaryInterface.m in Sources */ = {isa = PBXBuildFile; fileRef = D2FA1E131CEDDB770089E940 /* UIImageView+MJCloudinaryInterface.m */; };
		D2FA1E2D1CEDDB770089E940 /* MJContainerViewController.m in Sources */ = {isa = PBXBuildFile; fileRef = D2FA1E161CEDDB770089E940 /* MJContainerViewController.m */; };
		D2FA1E2E1CEDDB770089E940 /* MJTableViewController.m in Sources */ = {isa = PBXBuildFile; fileRef = D2FA1E181CEDDB770089E940 /* MJTableViewController.m */; };
		D2FA1E2F1CEDDB770089E940 /* MJMultiToggleControl.m in Sources */ = {isa = PBXBuildFile; fileRef = D2FA1E1B1CEDDB770089E940 /* MJMultiToggleControl.m */; };
		D2FA1E301CEDDB770089E940 /* MJNotificationView.m in Sources */ = {isa = PBXBuildFile; fileRef = D2FA1E1D1CEDDB770089E940 /* MJNotificationView.m */; };
		D2FA1E311CEDDB770089E940 /* MJTextViewCell.m in Sources */ = {isa = PBXBuildFile; fileRef = D2FA1E1F1CEDDB770089E940 /* MJTextViewCell.m */; };
		D2FA1E321CEDDB770089E940 /* UIActionSheet+Blocks.m in Sources */ = {isa = PBXBuildFile; fileRef = D2FA1E211CEDDB770089E940 /* UIActionSheet+Blocks.m */; };
		D2FA1E331CEDDB770089E940 /* UIAlertView+Blocks.m in Sources */ = {isa = PBXBuildFile; fileRef = D2FA1E231CEDDB770089E940 /* UIAlertView+Blocks.m */; };
		D2FA1E341CEDDB770089E940 /* UIBarButtonItem+Additions.m in Sources */ = {isa = PBXBuildFile; fileRef = D2FA1E251CEDDB770089E940 /* UIBarButtonItem+Additions.m */; };
		D2FA1E351CEDDB770089E940 /* UIResponder+Addtions.m in Sources */ = {isa = PBXBuildFile; fileRef = D2FA1E271CEDDB770089E940 /* UIResponder+Addtions.m */; };
		D2FA1E361CEDDB770089E940 /* UIView+Additions.m in Sources */ = {isa = PBXBuildFile; fileRef = D2FA1E291CEDDB770089E940 /* UIView+Additions.m */; };
/* End PBXBuildFile section */

/* Begin PBXContainerItemProxy section */
		D2FA1DEF1CEDDB5C0089E940 /* PBXContainerItemProxy */ = {
			isa = PBXContainerItemProxy;
			containerPortal = D2FA1DCD1CEDDB5C0089E940 /* Project object */;
			proxyType = 1;
			remoteGlobalIDString = D2FA1DD41CEDDB5C0089E940;
			remoteInfo = MJiOSCore;
		};
		D2FA1DFA1CEDDB5C0089E940 /* PBXContainerItemProxy */ = {
			isa = PBXContainerItemProxy;
			containerPortal = D2FA1DCD1CEDDB5C0089E940 /* Project object */;
			proxyType = 1;
			remoteGlobalIDString = D2FA1DD41CEDDB5C0089E940;
			remoteInfo = MJiOSCore;
		};
/* End PBXContainerItemProxy section */

/* Begin PBXFileReference section */
		40AFB8E064EA64EAB5E7554E /* Pods.debug.xcconfig */ = {isa = PBXFileReference; includeInIndex = 1; lastKnownFileType = text.xcconfig; name = Pods.debug.xcconfig; path = "Pods/Target Support Files/Pods/Pods.debug.xcconfig"; sourceTree = "<group>"; };
		52086EBF1D87ECD00078CF3E /* testfile.pdf */ = {isa = PBXFileReference; lastKnownFileType = image.pdf; path = testfile.pdf; sourceTree = "<group>"; };
		6580E580AA63ACB5083363DD /* MJPDFViewerDataSource.m */ = {isa = PBXFileReference; fileEncoding = 4; lastKnownFileType = sourcecode.c.objc; path = MJPDFViewerDataSource.m; sourceTree = "<group>"; };
		6580EC2FDCB2B0B2622288C6 /* MJPDFViewerViewController.h */ = {isa = PBXFileReference; fileEncoding = 4; lastKnownFileType = sourcecode.c.h; path = MJPDFViewerViewController.h; sourceTree = "<group>"; };
		6580ED0CCECA318251034EAC /* MJPDFViewerViewController.m */ = {isa = PBXFileReference; fileEncoding = 4; lastKnownFileType = sourcecode.c.objc; path = MJPDFViewerViewController.m; sourceTree = "<group>"; };
		6580EFADC41A5CE2708B4E75 /* MJPDFViewerDataSource.h */ = {isa = PBXFileReference; fileEncoding = 4; lastKnownFileType = sourcecode.c.h; path = MJPDFViewerDataSource.h; sourceTree = "<group>"; };
		AAFD09B619429C7D3B72BA7C /* Pods.release.xcconfig */ = {isa = PBXFileReference; includeInIndex = 1; lastKnownFileType = text.xcconfig; name = Pods.release.xcconfig; path = "Pods/Target Support Files/Pods/Pods.release.xcconfig"; sourceTree = "<group>"; };
		B6EC74EA725A419E7CA3395F /* libPods.a */ = {isa = PBXFileReference; explicitFileType = archive.ar; includeInIndex = 0; path = libPods.a; sourceTree = BUILT_PRODUCTS_DIR; };
		D20680781DA305CB00046A04 /* UIImageView+MJCloudinaryInterface_Haneke.h */ = {isa = PBXFileReference; fileEncoding = 4; lastKnownFileType = sourcecode.c.h; path = "UIImageView+MJCloudinaryInterface_Haneke.h"; sourceTree = "<group>"; };
		D20680791DA305CB00046A04 /* UIImageView+MJCloudinaryInterface_Haneke.m */ = {isa = PBXFileReference; fileEncoding = 4; lastKnownFileType = sourcecode.c.objc; path = "UIImageView+MJCloudinaryInterface_Haneke.m"; sourceTree = "<group>"; };
		D28B54CE1CEDFB2100491AF0 /* CLCloudinary+Additions.h */ = {isa = PBXFileReference; fileEncoding = 4; lastKnownFileType = sourcecode.c.h; path = "CLCloudinary+Additions.h"; sourceTree = "<group>"; };
		D28B54CF1CEDFB2100491AF0 /* CLCloudinary+Additions.m */ = {isa = PBXFileReference; fileEncoding = 4; lastKnownFileType = sourcecode.c.objc; path = "CLCloudinary+Additions.m"; sourceTree = "<group>"; };
		D28B54D11CEDFB3500491AF0 /* CLTransformation+Additions.h */ = {isa = PBXFileReference; fileEncoding = 4; lastKnownFileType = sourcecode.c.h; path = "CLTransformation+Additions.h"; sourceTree = "<group>"; };
		D28B54D21CEDFB3500491AF0 /* CLTransformation+Additions.m */ = {isa = PBXFileReference; fileEncoding = 4; lastKnownFileType = sourcecode.c.objc; path = "CLTransformation+Additions.m"; sourceTree = "<group>"; };
		D28B54D41CEE02AE00491AF0 /* CLUploader+Additions.h */ = {isa = PBXFileReference; fileEncoding = 4; lastKnownFileType = sourcecode.c.h; path = "CLUploader+Additions.h"; sourceTree = "<group>"; };
		D28B54D51CEE02AE00491AF0 /* CLUploader+Additions.m */ = {isa = PBXFileReference; fileEncoding = 4; lastKnownFileType = sourcecode.c.objc; path = "CLUploader+Additions.m"; sourceTree = "<group>"; };
		D2FA1DD51CEDDB5C0089E940 /* MJiOSCore.app */ = {isa = PBXFileReference; explicitFileType = wrapper.application; includeInIndex = 0; path = MJiOSCore.app; sourceTree = BUILT_PRODUCTS_DIR; };
		D2FA1DD91CEDDB5C0089E940 /* main.m */ = {isa = PBXFileReference; lastKnownFileType = sourcecode.c.objc; path = main.m; sourceTree = "<group>"; };
		D2FA1DDB1CEDDB5C0089E940 /* AppDelegate.h */ = {isa = PBXFileReference; lastKnownFileType = sourcecode.c.h; path = AppDelegate.h; sourceTree = "<group>"; };
		D2FA1DDC1CEDDB5C0089E940 /* AppDelegate.m */ = {isa = PBXFileReference; lastKnownFileType = sourcecode.c.objc; path = AppDelegate.m; sourceTree = "<group>"; };
		D2FA1DDE1CEDDB5C0089E940 /* ViewController.h */ = {isa = PBXFileReference; lastKnownFileType = sourcecode.c.h; path = ViewController.h; sourceTree = "<group>"; };
		D2FA1DDF1CEDDB5C0089E940 /* ViewController.m */ = {isa = PBXFileReference; lastKnownFileType = sourcecode.c.objc; path = ViewController.m; sourceTree = "<group>"; };
		D2FA1DE21CEDDB5C0089E940 /* Base */ = {isa = PBXFileReference; lastKnownFileType = file.storyboard; name = Base; path = Base.lproj/Main.storyboard; sourceTree = "<group>"; };
		D2FA1DE41CEDDB5C0089E940 /* Assets.xcassets */ = {isa = PBXFileReference; lastKnownFileType = folder.assetcatalog; path = Assets.xcassets; sourceTree = "<group>"; };
		D2FA1DE71CEDDB5C0089E940 /* Base */ = {isa = PBXFileReference; lastKnownFileType = file.storyboard; name = Base; path = Base.lproj/LaunchScreen.storyboard; sourceTree = "<group>"; };
		D2FA1DE91CEDDB5C0089E940 /* Info.plist */ = {isa = PBXFileReference; lastKnownFileType = text.plist.xml; path = Info.plist; sourceTree = "<group>"; };
		D2FA1DEE1CEDDB5C0089E940 /* MJiOSCoreTests.xctest */ = {isa = PBXFileReference; explicitFileType = wrapper.cfbundle; includeInIndex = 0; path = MJiOSCoreTests.xctest; sourceTree = BUILT_PRODUCTS_DIR; };
		D2FA1DF21CEDDB5C0089E940 /* MJiOSCoreTests.m */ = {isa = PBXFileReference; lastKnownFileType = sourcecode.c.objc; path = MJiOSCoreTests.m; sourceTree = "<group>"; };
		D2FA1DF41CEDDB5C0089E940 /* Info.plist */ = {isa = PBXFileReference; lastKnownFileType = text.plist.xml; path = Info.plist; sourceTree = "<group>"; };
		D2FA1DF91CEDDB5C0089E940 /* MJiOSCoreUITests.xctest */ = {isa = PBXFileReference; explicitFileType = wrapper.cfbundle; includeInIndex = 0; path = MJiOSCoreUITests.xctest; sourceTree = BUILT_PRODUCTS_DIR; };
		D2FA1DFD1CEDDB5C0089E940 /* MJiOSCoreUITests.m */ = {isa = PBXFileReference; lastKnownFileType = sourcecode.c.objc; path = MJiOSCoreUITests.m; sourceTree = "<group>"; };
		D2FA1DFF1CEDDB5C0089E940 /* Info.plist */ = {isa = PBXFileReference; lastKnownFileType = text.plist.xml; path = Info.plist; sourceTree = "<group>"; };
		D2FA1E0C1CEDDB770089E940 /* MJiOSCore.h */ = {isa = PBXFileReference; fileEncoding = 4; lastKnownFileType = sourcecode.c.h; path = MJiOSCore.h; sourceTree = "<group>"; };
		D2FA1E0E1CEDDB770089E940 /* MJCloudinaryInterface.h */ = {isa = PBXFileReference; fileEncoding = 4; lastKnownFileType = sourcecode.c.h; path = MJCloudinaryInterface.h; sourceTree = "<group>"; };
		D2FA1E0F1CEDDB770089E940 /* MJCloudinaryInterface.m */ = {isa = PBXFileReference; fileEncoding = 4; lastKnownFileType = sourcecode.c.objc; path = MJCloudinaryInterface.m; sourceTree = "<group>"; };
		D2FA1E101CEDDB770089E940 /* MJPushNotificationQueue.h */ = {isa = PBXFileReference; fileEncoding = 4; lastKnownFileType = sourcecode.c.h; path = MJPushNotificationQueue.h; sourceTree = "<group>"; };
		D2FA1E111CEDDB770089E940 /* MJPushNotificationQueue.m */ = {isa = PBXFileReference; fileEncoding = 4; lastKnownFileType = sourcecode.c.objc; path = MJPushNotificationQueue.m; sourceTree = "<group>"; };
		D2FA1E121CEDDB770089E940 /* UIImageView+MJCloudinaryInterface.h */ = {isa = PBXFileReference; fileEncoding = 4; lastKnownFileType = sourcecode.c.h; path = "UIImageView+MJCloudinaryInterface.h"; sourceTree = "<group>"; };
		D2FA1E131CEDDB770089E940 /* UIImageView+MJCloudinaryInterface.m */ = {isa = PBXFileReference; fileEncoding = 4; lastKnownFileType = sourcecode.c.objc; path = "UIImageView+MJCloudinaryInterface.m"; sourceTree = "<group>"; };
		D2FA1E151CEDDB770089E940 /* MJContainerViewController.h */ = {isa = PBXFileReference; fileEncoding = 4; lastKnownFileType = sourcecode.c.h; path = MJContainerViewController.h; sourceTree = "<group>"; };
		D2FA1E161CEDDB770089E940 /* MJContainerViewController.m */ = {isa = PBXFileReference; fileEncoding = 4; lastKnownFileType = sourcecode.c.objc; path = MJContainerViewController.m; sourceTree = "<group>"; };
		D2FA1E171CEDDB770089E940 /* MJTableViewController.h */ = {isa = PBXFileReference; fileEncoding = 4; lastKnownFileType = sourcecode.c.h; path = MJTableViewController.h; sourceTree = "<group>"; };
		D2FA1E181CEDDB770089E940 /* MJTableViewController.m */ = {isa = PBXFileReference; fileEncoding = 4; lastKnownFileType = sourcecode.c.objc; path = MJTableViewController.m; sourceTree = "<group>"; };
		D2FA1E1A1CEDDB770089E940 /* MJMultiToggleControl.h */ = {isa = PBXFileReference; fileEncoding = 4; lastKnownFileType = sourcecode.c.h; path = MJMultiToggleControl.h; sourceTree = "<group>"; };
		D2FA1E1B1CEDDB770089E940 /* MJMultiToggleControl.m */ = {isa = PBXFileReference; fileEncoding = 4; lastKnownFileType = sourcecode.c.objc; path = MJMultiToggleControl.m; sourceTree = "<group>"; };
		D2FA1E1C1CEDDB770089E940 /* MJNotificationView.h */ = {isa = PBXFileReference; fileEncoding = 4; lastKnownFileType = sourcecode.c.h; path = MJNotificationView.h; sourceTree = "<group>"; };
		D2FA1E1D1CEDDB770089E940 /* MJNotificationView.m */ = {isa = PBXFileReference; fileEncoding = 4; lastKnownFileType = sourcecode.c.objc; path = MJNotificationView.m; sourceTree = "<group>"; };
		D2FA1E1E1CEDDB770089E940 /* MJTextViewCell.h */ = {isa = PBXFileReference; fileEncoding = 4; lastKnownFileType = sourcecode.c.h; path = MJTextViewCell.h; sourceTree = "<group>"; };
		D2FA1E1F1CEDDB770089E940 /* MJTextViewCell.m */ = {isa = PBXFileReference; fileEncoding = 4; lastKnownFileType = sourcecode.c.objc; path = MJTextViewCell.m; sourceTree = "<group>"; };
		D2FA1E201CEDDB770089E940 /* UIActionSheet+Blocks.h */ = {isa = PBXFileReference; fileEncoding = 4; lastKnownFileType = sourcecode.c.h; path = "UIActionSheet+Blocks.h"; sourceTree = "<group>"; };
		D2FA1E211CEDDB770089E940 /* UIActionSheet+Blocks.m */ = {isa = PBXFileReference; fileEncoding = 4; lastKnownFileType = sourcecode.c.objc; path = "UIActionSheet+Blocks.m"; sourceTree = "<group>"; };
		D2FA1E221CEDDB770089E940 /* UIAlertView+Blocks.h */ = {isa = PBXFileReference; fileEncoding = 4; lastKnownFileType = sourcecode.c.h; path = "UIAlertView+Blocks.h"; sourceTree = "<group>"; };
		D2FA1E231CEDDB770089E940 /* UIAlertView+Blocks.m */ = {isa = PBXFileReference; fileEncoding = 4; lastKnownFileType = sourcecode.c.objc; path = "UIAlertView+Blocks.m"; sourceTree = "<group>"; };
		D2FA1E241CEDDB770089E940 /* UIBarButtonItem+Additions.h */ = {isa = PBXFileReference; fileEncoding = 4; lastKnownFileType = sourcecode.c.h; path = "UIBarButtonItem+Additions.h"; sourceTree = "<group>"; };
		D2FA1E251CEDDB770089E940 /* UIBarButtonItem+Additions.m */ = {isa = PBXFileReference; fileEncoding = 4; lastKnownFileType = sourcecode.c.objc; path = "UIBarButtonItem+Additions.m"; sourceTree = "<group>"; };
		D2FA1E261CEDDB770089E940 /* UIResponder+Additions.h */ = {isa = PBXFileReference; fileEncoding = 4; lastKnownFileType = sourcecode.c.h; path = "UIResponder+Additions.h"; sourceTree = "<group>"; };
		D2FA1E271CEDDB770089E940 /* UIResponder+Addtions.m */ = {isa = PBXFileReference; fileEncoding = 4; lastKnownFileType = sourcecode.c.objc; path = "UIResponder+Addtions.m"; sourceTree = "<group>"; };
		D2FA1E281CEDDB770089E940 /* UIView+Additions.h */ = {isa = PBXFileReference; fileEncoding = 4; lastKnownFileType = sourcecode.c.h; path = "UIView+Additions.h"; sourceTree = "<group>"; };
		D2FA1E291CEDDB770089E940 /* UIView+Additions.m */ = {isa = PBXFileReference; fileEncoding = 4; lastKnownFileType = sourcecode.c.objc; path = "UIView+Additions.m"; sourceTree = "<group>"; };
/* End PBXFileReference section */

/* Begin PBXFrameworksBuildPhase section */
		D2FA1DD21CEDDB5C0089E940 /* Frameworks */ = {
			isa = PBXFrameworksBuildPhase;
			buildActionMask = 2147483647;
			files = (
				6DC7251471157EC11F435127 /* libPods.a in Frameworks */,
			);
			runOnlyForDeploymentPostprocessing = 0;
		};
		D2FA1DEB1CEDDB5C0089E940 /* Frameworks */ = {
			isa = PBXFrameworksBuildPhase;
			buildActionMask = 2147483647;
			files = (
			);
			runOnlyForDeploymentPostprocessing = 0;
		};
		D2FA1DF61CEDDB5C0089E940 /* Frameworks */ = {
			isa = PBXFrameworksBuildPhase;
			buildActionMask = 2147483647;
			files = (
			);
			runOnlyForDeploymentPostprocessing = 0;
		};
/* End PBXFrameworksBuildPhase section */

/* Begin PBXGroup section */
		2A30B68C2902B6363FC59B7C /* Pods */ = {
			isa = PBXGroup;
			children = (
				40AFB8E064EA64EAB5E7554E /* Pods.debug.xcconfig */,
				AAFD09B619429C7D3B72BA7C /* Pods.release.xcconfig */,
			);
			name = Pods;
			sourceTree = "<group>";
		};
		91A9D65D4815DD6D1AF3FFEB /* Frameworks */ = {
			isa = PBXGroup;
			children = (
				B6EC74EA725A419E7CA3395F /* libPods.a */,
			);
			name = Frameworks;
			sourceTree = "<group>";
		};
		D2FA1DCC1CEDDB5C0089E940 = {
			isa = PBXGroup;
			children = (
				D2FA1DD71CEDDB5C0089E940 /* MJiOSCore */,
				D2FA1DF11CEDDB5C0089E940 /* MJiOSCoreTests */,
				D2FA1DFC1CEDDB5C0089E940 /* MJiOSCoreUITests */,
				D2FA1DD61CEDDB5C0089E940 /* Products */,
				2A30B68C2902B6363FC59B7C /* Pods */,
				91A9D65D4815DD6D1AF3FFEB /* Frameworks */,
			);
			sourceTree = "<group>";
		};
		D2FA1DD61CEDDB5C0089E940 /* Products */ = {
			isa = PBXGroup;
			children = (
				D2FA1DD51CEDDB5C0089E940 /* MJiOSCore.app */,
				D2FA1DEE1CEDDB5C0089E940 /* MJiOSCoreTests.xctest */,
				D2FA1DF91CEDDB5C0089E940 /* MJiOSCoreUITests.xctest */,
			);
			name = Products;
			sourceTree = "<group>";
		};
		D2FA1DD71CEDDB5C0089E940 /* MJiOSCore */ = {
			isa = PBXGroup;
			children = (
				52086EBF1D87ECD00078CF3E /* testfile.pdf */,
				D2FA1DDB1CEDDB5C0089E940 /* AppDelegate.h */,
				D2FA1DDC1CEDDB5C0089E940 /* AppDelegate.m */,
				D2FA1E371CEDDB840089E940 /* App */,
				D2FA1E0B1CEDDB770089E940 /* Source Code */,
				D2FA1DD81CEDDB5C0089E940 /* Supporting Files */,
			);
			path = MJiOSCore;
			sourceTree = "<group>";
		};
		D2FA1DD81CEDDB5C0089E940 /* Supporting Files */ = {
			isa = PBXGroup;
			children = (
				D2FA1DD91CEDDB5C0089E940 /* main.m */,
			);
			name = "Supporting Files";
			sourceTree = "<group>";
		};
		D2FA1DF11CEDDB5C0089E940 /* MJiOSCoreTests */ = {
			isa = PBXGroup;
			children = (
				D2FA1DF21CEDDB5C0089E940 /* MJiOSCoreTests.m */,
				D2FA1DF41CEDDB5C0089E940 /* Info.plist */,
			);
			path = MJiOSCoreTests;
			sourceTree = "<group>";
		};
		D2FA1DFC1CEDDB5C0089E940 /* MJiOSCoreUITests */ = {
			isa = PBXGroup;
			children = (
				D2FA1DFD1CEDDB5C0089E940 /* MJiOSCoreUITests.m */,
				D2FA1DFF1CEDDB5C0089E940 /* Info.plist */,
			);
			path = MJiOSCoreUITests;
			sourceTree = "<group>";
		};
		D2FA1E0B1CEDDB770089E940 /* Source Code */ = {
			isa = PBXGroup;
			children = (
				D2FA1E0C1CEDDB770089E940 /* MJiOSCore.h */,
				D2FA1E0D1CEDDB770089E940 /* Tools */,
				D2FA1E141CEDDB770089E940 /* View Controllers */,
				D2FA1E191CEDDB770089E940 /* Views */,
			);
			name = "Source Code";
			path = "../../Source Code";
			sourceTree = "<group>";
		};
		D2FA1E0D1CEDDB770089E940 /* Tools */ = {
			isa = PBXGroup;
			children = (
				D2FA1E0E1CEDDB770089E940 /* MJCloudinaryInterface.h */,
				D2FA1E0F1CEDDB770089E940 /* MJCloudinaryInterface.m */,
				D2FA1E121CEDDB770089E940 /* UIImageView+MJCloudinaryInterface.h */,
				D2FA1E131CEDDB770089E940 /* UIImageView+MJCloudinaryInterface.m */,
				D20680781DA305CB00046A04 /* UIImageView+MJCloudinaryInterface_Haneke.h */,
				D20680791DA305CB00046A04 /* UIImageView+MJCloudinaryInterface_Haneke.m */,
				D2FA1E101CEDDB770089E940 /* MJPushNotificationQueue.h */,
				D2FA1E111CEDDB770089E940 /* MJPushNotificationQueue.m */,
				D28B54CE1CEDFB2100491AF0 /* CLCloudinary+Additions.h */,
				D28B54CF1CEDFB2100491AF0 /* CLCloudinary+Additions.m */,
				D28B54D11CEDFB3500491AF0 /* CLTransformation+Additions.h */,
				D28B54D21CEDFB3500491AF0 /* CLTransformation+Additions.m */,
				D28B54D41CEE02AE00491AF0 /* CLUploader+Additions.h */,
				D28B54D51CEE02AE00491AF0 /* CLUploader+Additions.m */,
			);
			path = Tools;
			sourceTree = "<group>";
		};
		D2FA1E141CEDDB770089E940 /* View Controllers */ = {
			isa = PBXGroup;
			children = (
				D2FA1E151CEDDB770089E940 /* MJContainerViewController.h */,
				D2FA1E161CEDDB770089E940 /* MJContainerViewController.m */,
				D2FA1E171CEDDB770089E940 /* MJTableViewController.h */,
				D2FA1E181CEDDB770089E940 /* MJTableViewController.m */,
				6580ED0CCECA318251034EAC /* MJPDFViewerViewController.m */,
				6580EC2FDCB2B0B2622288C6 /* MJPDFViewerViewController.h */,
				6580E580AA63ACB5083363DD /* MJPDFViewerDataSource.m */,
				6580EFADC41A5CE2708B4E75 /* MJPDFViewerDataSource.h */,
			);
			path = "View Controllers";
			sourceTree = "<group>";
		};
		D2FA1E191CEDDB770089E940 /* Views */ = {
			isa = PBXGroup;
			children = (
				D2FA1E1A1CEDDB770089E940 /* MJMultiToggleControl.h */,
				D2FA1E1B1CEDDB770089E940 /* MJMultiToggleControl.m */,
				D2FA1E1C1CEDDB770089E940 /* MJNotificationView.h */,
				D2FA1E1D1CEDDB770089E940 /* MJNotificationView.m */,
				D2FA1E1E1CEDDB770089E940 /* MJTextViewCell.h */,
				D2FA1E1F1CEDDB770089E940 /* MJTextViewCell.m */,
				D2FA1E201CEDDB770089E940 /* UIActionSheet+Blocks.h */,
				D2FA1E211CEDDB770089E940 /* UIActionSheet+Blocks.m */,
				D2FA1E221CEDDB770089E940 /* UIAlertView+Blocks.h */,
				D2FA1E231CEDDB770089E940 /* UIAlertView+Blocks.m */,
				D2FA1E241CEDDB770089E940 /* UIBarButtonItem+Additions.h */,
				D2FA1E251CEDDB770089E940 /* UIBarButtonItem+Additions.m */,
				D2FA1E261CEDDB770089E940 /* UIResponder+Additions.h */,
				D2FA1E271CEDDB770089E940 /* UIResponder+Addtions.m */,
				D2FA1E281CEDDB770089E940 /* UIView+Additions.h */,
				D2FA1E291CEDDB770089E940 /* UIView+Additions.m */,
			);
			path = Views;
			sourceTree = "<group>";
		};
		D2FA1E371CEDDB840089E940 /* App */ = {
			isa = PBXGroup;
			children = (
				D2FA1DDE1CEDDB5C0089E940 /* ViewController.h */,
				D2FA1DDF1CEDDB5C0089E940 /* ViewController.m */,
				D2FA1DE11CEDDB5C0089E940 /* Main.storyboard */,
				D2FA1DE41CEDDB5C0089E940 /* Assets.xcassets */,
				D2FA1DE61CEDDB5C0089E940 /* LaunchScreen.storyboard */,
				D2FA1DE91CEDDB5C0089E940 /* Info.plist */,
			);
			name = App;
			sourceTree = "<group>";
		};
/* End PBXGroup section */

/* Begin PBXNativeTarget section */
		D2FA1DD41CEDDB5C0089E940 /* MJiOSCore */ = {
			isa = PBXNativeTarget;
			buildConfigurationList = D2FA1E021CEDDB5C0089E940 /* Build configuration list for PBXNativeTarget "MJiOSCore" */;
			buildPhases = (
				60052A7D9B07AC53748377A9 /* Check Pods Manifest.lock */,
				D2FA1DD11CEDDB5C0089E940 /* Sources */,
				D2FA1DD21CEDDB5C0089E940 /* Frameworks */,
				D2FA1DD31CEDDB5C0089E940 /* Resources */,
				A241011BEC2587429E47D332 /* Embed Pods Frameworks */,
				E6E9EE6019DAA20CCB1AC65C /* Copy Pods Resources */,
			);
			buildRules = (
			);
			dependencies = (
			);
			name = MJiOSCore;
			productName = MJiOSCore;
			productReference = D2FA1DD51CEDDB5C0089E940 /* MJiOSCore.app */;
			productType = "com.apple.product-type.application";
		};
		D2FA1DED1CEDDB5C0089E940 /* MJiOSCoreTests */ = {
			isa = PBXNativeTarget;
			buildConfigurationList = D2FA1E051CEDDB5C0089E940 /* Build configuration list for PBXNativeTarget "MJiOSCoreTests" */;
			buildPhases = (
				D2FA1DEA1CEDDB5C0089E940 /* Sources */,
				D2FA1DEB1CEDDB5C0089E940 /* Frameworks */,
				D2FA1DEC1CEDDB5C0089E940 /* Resources */,
			);
			buildRules = (
			);
			dependencies = (
				D2FA1DF01CEDDB5C0089E940 /* PBXTargetDependency */,
			);
			name = MJiOSCoreTests;
			productName = MJiOSCoreTests;
			productReference = D2FA1DEE1CEDDB5C0089E940 /* MJiOSCoreTests.xctest */;
			productType = "com.apple.product-type.bundle.unit-test";
		};
		D2FA1DF81CEDDB5C0089E940 /* MJiOSCoreUITests */ = {
			isa = PBXNativeTarget;
			buildConfigurationList = D2FA1E081CEDDB5C0089E940 /* Build configuration list for PBXNativeTarget "MJiOSCoreUITests" */;
			buildPhases = (
				D2FA1DF51CEDDB5C0089E940 /* Sources */,
				D2FA1DF61CEDDB5C0089E940 /* Frameworks */,
				D2FA1DF71CEDDB5C0089E940 /* Resources */,
			);
			buildRules = (
			);
			dependencies = (
				D2FA1DFB1CEDDB5C0089E940 /* PBXTargetDependency */,
			);
			name = MJiOSCoreUITests;
			productName = MJiOSCoreUITests;
			productReference = D2FA1DF91CEDDB5C0089E940 /* MJiOSCoreUITests.xctest */;
			productType = "com.apple.product-type.bundle.ui-testing";
		};
/* End PBXNativeTarget section */

/* Begin PBXProject section */
		D2FA1DCD1CEDDB5C0089E940 /* Project object */ = {
			isa = PBXProject;
			attributes = {
				LastUpgradeCheck = 0800;
				ORGANIZATIONNAME = MobileJazz;
				TargetAttributes = {
					D2FA1DD41CEDDB5C0089E940 = {
						CreatedOnToolsVersion = 7.3.1;
						DevelopmentTeam = 3VP5WS89TZ;
					};
					D2FA1DED1CEDDB5C0089E940 = {
						CreatedOnToolsVersion = 7.3.1;
						TestTargetID = D2FA1DD41CEDDB5C0089E940;
					};
					D2FA1DF81CEDDB5C0089E940 = {
						CreatedOnToolsVersion = 7.3.1;
						TestTargetID = D2FA1DD41CEDDB5C0089E940;
					};
				};
			};
			buildConfigurationList = D2FA1DD01CEDDB5C0089E940 /* Build configuration list for PBXProject "MJiOSCore" */;
			compatibilityVersion = "Xcode 3.2";
			developmentRegion = English;
			hasScannedForEncodings = 0;
			knownRegions = (
				en,
				Base,
			);
			mainGroup = D2FA1DCC1CEDDB5C0089E940;
			productRefGroup = D2FA1DD61CEDDB5C0089E940 /* Products */;
			projectDirPath = "";
			projectRoot = "";
			targets = (
				D2FA1DD41CEDDB5C0089E940 /* MJiOSCore */,
				D2FA1DED1CEDDB5C0089E940 /* MJiOSCoreTests */,
				D2FA1DF81CEDDB5C0089E940 /* MJiOSCoreUITests */,
			);
		};
/* End PBXProject section */

/* Begin PBXResourcesBuildPhase section */
		D2FA1DD31CEDDB5C0089E940 /* Resources */ = {
			isa = PBXResourcesBuildPhase;
			buildActionMask = 2147483647;
			files = (
				52086EC01D87ECD00078CF3E /* testfile.pdf in Resources */,
				D2FA1DE81CEDDB5C0089E940 /* LaunchScreen.storyboard in Resources */,
				D2FA1DE51CEDDB5C0089E940 /* Assets.xcassets in Resources */,
				D2FA1DE31CEDDB5C0089E940 /* Main.storyboard in Resources */,
			);
			runOnlyForDeploymentPostprocessing = 0;
		};
		D2FA1DEC1CEDDB5C0089E940 /* Resources */ = {
			isa = PBXResourcesBuildPhase;
			buildActionMask = 2147483647;
			files = (
			);
			runOnlyForDeploymentPostprocessing = 0;
		};
		D2FA1DF71CEDDB5C0089E940 /* Resources */ = {
			isa = PBXResourcesBuildPhase;
			buildActionMask = 2147483647;
			files = (
			);
			runOnlyForDeploymentPostprocessing = 0;
		};
/* End PBXResourcesBuildPhase section */

/* Begin PBXShellScriptBuildPhase section */
		60052A7D9B07AC53748377A9 /* Check Pods Manifest.lock */ = {
			isa = PBXShellScriptBuildPhase;
			buildActionMask = 2147483647;
			files = (
			);
			inputPaths = (
			);
			name = "Check Pods Manifest.lock";
			outputPaths = (
			);
			runOnlyForDeploymentPostprocessing = 0;
			shellPath = /bin/sh;
			shellScript = "diff \"${PODS_ROOT}/../Podfile.lock\" \"${PODS_ROOT}/Manifest.lock\" > /dev/null\nif [[ $? != 0 ]] ; then\n    cat << EOM\nerror: The sandbox is not in sync with the Podfile.lock. Run 'pod install' or update your CocoaPods installation.\nEOM\n    exit 1\nfi\n";
			showEnvVarsInLog = 0;
		};
		A241011BEC2587429E47D332 /* Embed Pods Frameworks */ = {
			isa = PBXShellScriptBuildPhase;
			buildActionMask = 2147483647;
			files = (
			);
			inputPaths = (
			);
			name = "Embed Pods Frameworks";
			outputPaths = (
			);
			runOnlyForDeploymentPostprocessing = 0;
			shellPath = /bin/sh;
			shellScript = "\"${SRCROOT}/Pods/Target Support Files/Pods/Pods-frameworks.sh\"\n";
			showEnvVarsInLog = 0;
		};
		E6E9EE6019DAA20CCB1AC65C /* Copy Pods Resources */ = {
			isa = PBXShellScriptBuildPhase;
			buildActionMask = 2147483647;
			files = (
			);
			inputPaths = (
			);
			name = "Copy Pods Resources";
			outputPaths = (
			);
			runOnlyForDeploymentPostprocessing = 0;
			shellPath = /bin/sh;
			shellScript = "\"${SRCROOT}/Pods/Target Support Files/Pods/Pods-resources.sh\"\n";
			showEnvVarsInLog = 0;
		};
/* End PBXShellScriptBuildPhase section */

/* Begin PBXSourcesBuildPhase section */
		D2FA1DD11CEDDB5C0089E940 /* Sources */ = {
			isa = PBXSourcesBuildPhase;
			buildActionMask = 2147483647;
			files = (
				D2FA1E361CEDDB770089E940 /* UIView+Additions.m in Sources */,
				D2FA1E351CEDDB770089E940 /* UIResponder+Addtions.m in Sources */,
				D2FA1E331CEDDB770089E940 /* UIAlertView+Blocks.m in Sources */,
				D2FA1E2E1CEDDB770089E940 /* MJTableViewController.m in Sources */,
				D2FA1E311CEDDB770089E940 /* MJTextViewCell.m in Sources */,
				D28B54D01CEDFB2100491AF0 /* CLCloudinary+Additions.m in Sources */,
				D2FA1E2D1CEDDB770089E940 /* MJContainerViewController.m in Sources */,
				D28B54D31CEDFB3500491AF0 /* CLTransformation+Additions.m in Sources */,
				D2FA1E2A1CEDDB770089E940 /* MJCloudinaryInterface.m in Sources */,
				D206807A1DA305CB00046A04 /* UIImageView+MJCloudinaryInterface_Haneke.m in Sources */,
				D2FA1E2C1CEDDB770089E940 /* UIImageView+MJCloudinaryInterface.m in Sources */,
				D2FA1E301CEDDB770089E940 /* MJNotificationView.m in Sources */,
				D28B54D61CEE02AE00491AF0 /* CLUploader+Additions.m in Sources */,
				D2FA1DE01CEDDB5C0089E940 /* ViewController.m in Sources */,
				D2FA1E321CEDDB770089E940 /* UIActionSheet+Blocks.m in Sources */,
				D2FA1E2F1CEDDB770089E940 /* MJMultiToggleControl.m in Sources */,
				D2FA1DDD1CEDDB5C0089E940 /* AppDelegate.m in Sources */,
				D2FA1DDA1CEDDB5C0089E940 /* main.m in Sources */,
				D2FA1E341CEDDB770089E940 /* UIBarButtonItem+Additions.m in Sources */,
				D2FA1E2B1CEDDB770089E940 /* MJPushNotificationQueue.m in Sources */,
				6580E41112659D7A8C9B1E7E /* MJPDFViewerViewController.m in Sources */,
				6580E1223EA21037F800DB81 /* MJPDFViewerDataSource.m in Sources */,
			);
			runOnlyForDeploymentPostprocessing = 0;
		};
		D2FA1DEA1CEDDB5C0089E940 /* Sources */ = {
			isa = PBXSourcesBuildPhase;
			buildActionMask = 2147483647;
			files = (
				D2FA1DF31CEDDB5C0089E940 /* MJiOSCoreTests.m in Sources */,
			);
			runOnlyForDeploymentPostprocessing = 0;
		};
		D2FA1DF51CEDDB5C0089E940 /* Sources */ = {
			isa = PBXSourcesBuildPhase;
			buildActionMask = 2147483647;
			files = (
				D2FA1DFE1CEDDB5C0089E940 /* MJiOSCoreUITests.m in Sources */,
			);
			runOnlyForDeploymentPostprocessing = 0;
		};
/* End PBXSourcesBuildPhase section */

/* Begin PBXTargetDependency section */
		D2FA1DF01CEDDB5C0089E940 /* PBXTargetDependency */ = {
			isa = PBXTargetDependency;
			target = D2FA1DD41CEDDB5C0089E940 /* MJiOSCore */;
			targetProxy = D2FA1DEF1CEDDB5C0089E940 /* PBXContainerItemProxy */;
		};
		D2FA1DFB1CEDDB5C0089E940 /* PBXTargetDependency */ = {
			isa = PBXTargetDependency;
			target = D2FA1DD41CEDDB5C0089E940 /* MJiOSCore */;
			targetProxy = D2FA1DFA1CEDDB5C0089E940 /* PBXContainerItemProxy */;
		};
/* End PBXTargetDependency section */

/* Begin PBXVariantGroup section */
		D2FA1DE11CEDDB5C0089E940 /* Main.storyboard */ = {
			isa = PBXVariantGroup;
			children = (
				D2FA1DE21CEDDB5C0089E940 /* Base */,
			);
			name = Main.storyboard;
			sourceTree = "<group>";
		};
		D2FA1DE61CEDDB5C0089E940 /* LaunchScreen.storyboard */ = {
			isa = PBXVariantGroup;
			children = (
				D2FA1DE71CEDDB5C0089E940 /* Base */,
			);
			name = LaunchScreen.storyboard;
			sourceTree = "<group>";
		};
/* End PBXVariantGroup section */

/* Begin XCBuildConfiguration section */
		D2FA1E001CEDDB5C0089E940 /* Debug */ = {
			isa = XCBuildConfiguration;
			buildSettings = {
				ALWAYS_SEARCH_USER_PATHS = NO;
				CLANG_ANALYZER_NONNULL = YES;
				CLANG_CXX_LANGUAGE_STANDARD = "gnu++0x";
				CLANG_CXX_LIBRARY = "libc++";
				CLANG_ENABLE_MODULES = YES;
				CLANG_ENABLE_OBJC_ARC = YES;
				CLANG_WARN_BOOL_CONVERSION = YES;
				CLANG_WARN_CONSTANT_CONVERSION = YES;
				CLANG_WARN_DIRECT_OBJC_ISA_USAGE = YES_ERROR;
				CLANG_WARN_EMPTY_BODY = YES;
				CLANG_WARN_ENUM_CONVERSION = YES;
				CLANG_WARN_INFINITE_RECURSION = YES;
				CLANG_WARN_INT_CONVERSION = YES;
				CLANG_WARN_OBJC_ROOT_CLASS = YES_ERROR;
				CLANG_WARN_SUSPICIOUS_MOVE = YES;
				CLANG_WARN_UNREACHABLE_CODE = YES;
				CLANG_WARN__DUPLICATE_METHOD_MATCH = YES;
				"CODE_SIGN_IDENTITY[sdk=iphoneos*]" = "iPhone Developer";
				COPY_PHASE_STRIP = NO;
				DEBUG_INFORMATION_FORMAT = dwarf;
				ENABLE_STRICT_OBJC_MSGSEND = YES;
				ENABLE_TESTABILITY = YES;
				GCC_C_LANGUAGE_STANDARD = gnu99;
				GCC_DYNAMIC_NO_PIC = NO;
				GCC_NO_COMMON_BLOCKS = YES;
				GCC_OPTIMIZATION_LEVEL = 0;
				GCC_PREPROCESSOR_DEFINITIONS = (
					"DEBUG=1",
					"$(inherited)",
				);
				GCC_WARN_64_TO_32_BIT_CONVERSION = YES;
				GCC_WARN_ABOUT_RETURN_TYPE = YES_ERROR;
				GCC_WARN_UNDECLARED_SELECTOR = YES;
				GCC_WARN_UNINITIALIZED_AUTOS = YES_AGGRESSIVE;
				GCC_WARN_UNUSED_FUNCTION = YES;
				GCC_WARN_UNUSED_VARIABLE = YES;
				IPHONEOS_DEPLOYMENT_TARGET = 9.3;
				MTL_ENABLE_DEBUG_INFO = YES;
				ONLY_ACTIVE_ARCH = YES;
				SDKROOT = iphoneos;
			};
			name = Debug;
		};
		D2FA1E011CEDDB5C0089E940 /* Release */ = {
			isa = XCBuildConfiguration;
			buildSettings = {
				ALWAYS_SEARCH_USER_PATHS = NO;
				CLANG_ANALYZER_NONNULL = YES;
				CLANG_CXX_LANGUAGE_STANDARD = "gnu++0x";
				CLANG_CXX_LIBRARY = "libc++";
				CLANG_ENABLE_MODULES = YES;
				CLANG_ENABLE_OBJC_ARC = YES;
				CLANG_WARN_BOOL_CONVERSION = YES;
				CLANG_WARN_CONSTANT_CONVERSION = YES;
				CLANG_WARN_DIRECT_OBJC_ISA_USAGE = YES_ERROR;
				CLANG_WARN_EMPTY_BODY = YES;
				CLANG_WARN_ENUM_CONVERSION = YES;
				CLANG_WARN_INFINITE_RECURSION = YES;
				CLANG_WARN_INT_CONVERSION = YES;
				CLANG_WARN_OBJC_ROOT_CLASS = YES_ERROR;
				CLANG_WARN_SUSPICIOUS_MOVE = YES;
				CLANG_WARN_UNREACHABLE_CODE = YES;
				CLANG_WARN__DUPLICATE_METHOD_MATCH = YES;
				"CODE_SIGN_IDENTITY[sdk=iphoneos*]" = "iPhone Developer";
				COPY_PHASE_STRIP = NO;
				DEBUG_INFORMATION_FORMAT = "dwarf-with-dsym";
				ENABLE_NS_ASSERTIONS = NO;
				ENABLE_STRICT_OBJC_MSGSEND = YES;
				GCC_C_LANGUAGE_STANDARD = gnu99;
				GCC_NO_COMMON_BLOCKS = YES;
				GCC_WARN_64_TO_32_BIT_CONVERSION = YES;
				GCC_WARN_ABOUT_RETURN_TYPE = YES_ERROR;
				GCC_WARN_UNDECLARED_SELECTOR = YES;
				GCC_WARN_UNINITIALIZED_AUTOS = YES_AGGRESSIVE;
				GCC_WARN_UNUSED_FUNCTION = YES;
				GCC_WARN_UNUSED_VARIABLE = YES;
				IPHONEOS_DEPLOYMENT_TARGET = 9.3;
				MTL_ENABLE_DEBUG_INFO = NO;
				SDKROOT = iphoneos;
				VALIDATE_PRODUCT = YES;
			};
			name = Release;
		};
		D2FA1E031CEDDB5C0089E940 /* Debug */ = {
			isa = XCBuildConfiguration;
			baseConfigurationReference = 40AFB8E064EA64EAB5E7554E /* Pods.debug.xcconfig */;
			buildSettings = {
				ASSETCATALOG_COMPILER_APPICON_NAME = AppIcon;
				DEVELOPMENT_TEAM = 3VP5WS89TZ;
				INFOPLIST_FILE = MJiOSCore/Info.plist;
				LD_RUNPATH_SEARCH_PATHS = "$(inherited) @executable_path/Frameworks";
				PRODUCT_BUNDLE_IDENTIFIER = com.mobilejazz.MJiOSCore;
				PRODUCT_NAME = "$(TARGET_NAME)";
			};
			name = Debug;
		};
		D2FA1E041CEDDB5C0089E940 /* Release */ = {
			isa = XCBuildConfiguration;
			baseConfigurationReference = AAFD09B619429C7D3B72BA7C /* Pods.release.xcconfig */;
			buildSettings = {
				ASSETCATALOG_COMPILER_APPICON_NAME = AppIcon;
				DEVELOPMENT_TEAM = 3VP5WS89TZ;
				INFOPLIST_FILE = MJiOSCore/Info.plist;
				LD_RUNPATH_SEARCH_PATHS = "$(inherited) @executable_path/Frameworks";
				PRODUCT_BUNDLE_IDENTIFIER = com.mobilejazz.MJiOSCore;
				PRODUCT_NAME = "$(TARGET_NAME)";
			};
			name = Release;
		};
		D2FA1E061CEDDB5C0089E940 /* Debug */ = {
			isa = XCBuildConfiguration;
			buildSettings = {
				BUNDLE_LOADER = "$(TEST_HOST)";
				INFOPLIST_FILE = MJiOSCoreTests/Info.plist;
				LD_RUNPATH_SEARCH_PATHS = "$(inherited) @executable_path/Frameworks @loader_path/Frameworks";
				PRODUCT_BUNDLE_IDENTIFIER = com.mobilejazz.MJiOSCoreTests;
				PRODUCT_NAME = "$(TARGET_NAME)";
				TEST_HOST = "$(BUILT_PRODUCTS_DIR)/MJiOSCore.app/MJiOSCore";
			};
			name = Debug;
		};
		D2FA1E071CEDDB5C0089E940 /* Release */ = {
			isa = XCBuildConfiguration;
			buildSettings = {
				BUNDLE_LOADER = "$(TEST_HOST)";
				INFOPLIST_FILE = MJiOSCoreTests/Info.plist;
				LD_RUNPATH_SEARCH_PATHS = "$(inherited) @executable_path/Frameworks @loader_path/Frameworks";
				PRODUCT_BUNDLE_IDENTIFIER = com.mobilejazz.MJiOSCoreTests;
				PRODUCT_NAME = "$(TARGET_NAME)";
				TEST_HOST = "$(BUILT_PRODUCTS_DIR)/MJiOSCore.app/MJiOSCore";
			};
			name = Release;
		};
		D2FA1E091CEDDB5C0089E940 /* Debug */ = {
			isa = XCBuildConfiguration;
			buildSettings = {
				INFOPLIST_FILE = MJiOSCoreUITests/Info.plist;
				LD_RUNPATH_SEARCH_PATHS = "$(inherited) @executable_path/Frameworks @loader_path/Frameworks";
				PRODUCT_BUNDLE_IDENTIFIER = com.mobilejazz.MJiOSCoreUITests;
				PRODUCT_NAME = "$(TARGET_NAME)";
				TEST_TARGET_NAME = MJiOSCore;
			};
			name = Debug;
		};
		D2FA1E0A1CEDDB5C0089E940 /* Release */ = {
			isa = XCBuildConfiguration;
			buildSettings = {
				INFOPLIST_FILE = MJiOSCoreUITests/Info.plist;
				LD_RUNPATH_SEARCH_PATHS = "$(inherited) @executable_path/Frameworks @loader_path/Frameworks";
				PRODUCT_BUNDLE_IDENTIFIER = com.mobilejazz.MJiOSCoreUITests;
				PRODUCT_NAME = "$(TARGET_NAME)";
				TEST_TARGET_NAME = MJiOSCore;
			};
			name = Release;
		};
/* End XCBuildConfiguration section */

/* Begin XCConfigurationList section */
		D2FA1DD01CEDDB5C0089E940 /* Build configuration list for PBXProject "MJiOSCore" */ = {
			isa = XCConfigurationList;
			buildConfigurations = (
				D2FA1E001CEDDB5C0089E940 /* Debug */,
				D2FA1E011CEDDB5C0089E940 /* Release */,
			);
			defaultConfigurationIsVisible = 0;
			defaultConfigurationName = Release;
		};
		D2FA1E021CEDDB5C0089E940 /* Build configuration list for PBXNativeTarget "MJiOSCore" */ = {
			isa = XCConfigurationList;
			buildConfigurations = (
				D2FA1E031CEDDB5C0089E940 /* Debug */,
				D2FA1E041CEDDB5C0089E940 /* Release */,
			);
			defaultConfigurationIsVisible = 0;
			defaultConfigurationName = Release;
		};
		D2FA1E051CEDDB5C0089E940 /* Build configuration list for PBXNativeTarget "MJiOSCoreTests" */ = {
			isa = XCConfigurationList;
			buildConfigurations = (
				D2FA1E061CEDDB5C0089E940 /* Debug */,
				D2FA1E071CEDDB5C0089E940 /* Release */,
			);
			defaultConfigurationIsVisible = 0;
			defaultConfigurationName = Release;
		};
		D2FA1E081CEDDB5C0089E940 /* Build configuration list for PBXNativeTarget "MJiOSCoreUITests" */ = {
			isa = XCConfigurationList;
			buildConfigurations = (
				D2FA1E091CEDDB5C0089E940 /* Debug */,
				D2FA1E0A1CEDDB5C0089E940 /* Release */,
			);
			defaultConfigurationIsVisible = 0;
			defaultConfigurationName = Release;
		};
/* End XCConfigurationList section */
	};
	rootObject = D2FA1DCD1CEDDB5C0089E940 /* Project object */;
}
